
Microsoft Visual Studio Solution File, Format Version 12.00
# Visual Studio Version 16
VisualStudioVersion = 16.0.30011.22
MinimumVisualStudioVersion = 10.0.40219.1
Project("{FAE04EC0-301F-11D3-BF4B-00C04F79EFBC}") = "UrlJson", "UrlJson\UrlJson.csproj", "{AB279277-1956-4D94-963A-D9B6ECE6AA5B}"
EndProject
Global
	GlobalSection(SolutionConfigurationPlatforms) = preSolution
		Debug|Any CPU = Debug|Any CPU
		Release|Any CPU = Release|Any CPU
	EndGlobalSection
	GlobalSection(ProjectConfigurationPlatforms) = postSolution
		{AB279277-1956-4D94-963A-D9B6ECE6AA5B}.Debug|Any CPU.ActiveCfg = Debug|Any CPU
		{AB279277-1956-4D94-963A-D9B6ECE6AA5B}.Debug|Any CPU.Build.0 = Debug|Any CPU
		{AB279277-1956-4D94-963A-D9B6ECE6AA5B}.Release|Any CPU.ActiveCfg = Release|Any CPU
		{AB279277-1956-4D94-963A-D9B6ECE6AA5B}.Release|Any CPU.Build.0 = Release|Any CPU
	EndGlobalSection
	GlobalSection(SolutionProperties) = preSolution
		HideSolutionNode = FALSE
	EndGlobalSection
	GlobalSection(ExtensibilityGlobals) = postSolution
		SolutionGuid = {FF7DADF6-6FDE-4FB4-AEDF-39904EA05387}
	EndGlobalSection
EndGlobal
